
Microsoft Visual Studio Solution File, Format Version 12.00
# Visual Studio Version 17
VisualStudioVersion = 17.8.34525.116
MinimumVisualStudioVersion = 10.0.40219.1
Project("{8BC9CEB8-8B4A-11D0-8D11-00A0C91BC942}") = "Probabilit_Operator_Overload", "Probabilit_Operator_Overload.vcxproj", "{03D5FFAC-7F98-45D4-90F7-F4E17EAE18BB}"
EndProject
Global
	GlobalSection(SolutionConfigurationPlatforms) = preSolution
		Debug|x64 = Debug|x64
		Debug|x86 = Debug|x86
		Release|x64 = Release|x64
		Release|x86 = Release|x86
	EndGlobalSection
	GlobalSection(ProjectConfigurationPlatforms) = postSolution
		{03D5FFAC-7F98-45D4-90F7-F4E17EAE18BB}.Debug|x64.ActiveCfg = Debug|x64
		{03D5FFAC-7F98-45D4-90F7-F4E17EAE18BB}.Debug|x64.Build.0 = Debug|x64
		{03D5FFAC-7F98-45D4-90F7-F4E17EAE18BB}.Debug|x86.ActiveCfg = Debug|Win32
		{03D5FFAC-7F98-45D4-90F7-F4E17EAE18BB}.Debug|x86.Build.0 = Debug|Win32
		{03D5FFAC-7F98-45D4-90F7-F4E17EAE18BB}.Release|x64.ActiveCfg = Release|x64
		{03D5FFAC-7F98-45D4-90F7-F4E17EAE18BB}.Release|x64.Build.0 = Release|x64
		{03D5FFAC-7F98-45D4-90F7-F4E17EAE18BB}.Release|x86.ActiveCfg = Release|Win32
		{03D5FFAC-7F98-45D4-90F7-F4E17EAE18BB}.Release|x86.Build.0 = Release|Win32
	EndGlobalSection
	GlobalSection(SolutionProperties) = preSolution
		HideSolutionNode = FALSE
	EndGlobalSection
	GlobalSection(ExtensibilityGlobals) = postSolution
		SolutionGuid = {118459A3-6ECA-482A-A066-B7A55A910D99}
	EndGlobalSection
EndGlobal
